
Microsoft Visual Studio Solution File, Format Version 12.00
# Visual Studio Version 17
VisualStudioVersion = 17.14.37216.2
MinimumVisualStudioVersion = 10.0.40219.1
Project("{FAE04EC0-301F-11D3-BF4B-00C04F79EFBC}") = "SistemaDePedidos.Domain", "SistemaDePedidos.Domain\SistemaDePedidos.Domain.csproj", "{202C6C55-8959-416D-A6FD-368B5E321D7B}"
EndProject
Project("{FAE04EC0-301F-11D3-BF4B-00C04F79EFBC}") = "SistemaDePedidos.Application", "SistemaDePedidos.Application\SistemaDePedidos.Application.csproj", "{30D4A3CD-738A-4C63-B2A6-EDBCC7605B25}"
EndProject
Project("{FAE04EC0-301F-11D3-BF4B-00C04F79EFBC}") = "SistemaDePedidos.API", "SistemaDePedidos.API\SistemaDePedidos.API.csproj", "{CCB06E6F-D587-4F8B-8306-66A176C11637}"
EndProject
Project("{FAE04EC0-301F-11D3-BF4B-00C04F79EFBC}") = "SistemaDePedidos.Infrastructure", "SistemaDePedidos.Infrastructure\SistemaDePedidos.Infrastructure.csproj", "{3025A46D-217B-2B15-579F-F3476816BA7A}"
EndProject
Global
	GlobalSection(SolutionConfigurationPlatforms) = preSolution
		Debug|Any CPU = Debug|Any CPU
		Release|Any CPU = Release|Any CPU
	EndGlobalSection
	GlobalSection(ProjectConfigurationPlatforms) = postSolution
		{202C6C55-8959-416D-A6FD-368B5E321D7B}.Debug|Any CPU.ActiveCfg = Debug|Any CPU
		{202C6C55-8959-416D-A6FD-368B5E321D7B}.Debug|Any CPU.Build.0 = Debug|Any CPU
		{202C6C55-8959-416D-A6FD-368B5E321D7B}.Release|Any CPU.ActiveCfg = Release|Any CPU
		{202C6C55-8959-416D-A6FD-368B5E321D7B}.Release|Any CPU.Build.0 = Release|Any CPU
		{30D4A3CD-738A-4C63-B2A6-EDBCC7605B25}.Debug|Any CPU.ActiveCfg = Debug|Any CPU
		{30D4A3CD-738A-4C63-B2A6-EDBCC7605B25}.Debug|Any CPU.Build.0 = Debug|Any CPU
		{30D4A3CD-738A-4C63-B2A6-EDBCC7605B25}.Release|Any CPU.ActiveCfg = Release|Any CPU
		{30D4A3CD-738A-4C63-B2A6-EDBCC7605B25}.Release|Any CPU.Build.0 = Release|Any CPU
		{CCB06E6F-D587-4F8B-8306-66A176C11637}.Debug|Any CPU.ActiveCfg = Debug|Any CPU
		{CCB06E6F-D587-4F8B-8306-66A176C11637}.Debug|Any CPU.Build.0 = Debug|Any CPU
		{CCB06E6F-D587-4F8B-8306-66A176C11637}.Release|Any CPU.ActiveCfg = Release|Any CPU
		{CCB06E6F-D587-4F8B-8306-66A176C11637}.Release|Any CPU.Build.0 = Release|Any CPU
		{3025A46D-217B-2B15-579F-F3476816BA7A}.Debug|Any CPU.ActiveCfg = Debug|Any CPU
		{3025A46D-217B-2B15-579F-F3476816BA7A}.Debug|Any CPU.Build.0 = Debug|Any CPU
		{3025A46D-217B-2B15-579F-F3476816BA7A}.Release|Any CPU.ActiveCfg = Release|Any CPU
		{3025A46D-217B-2B15-579F-F3476816BA7A}.Release|Any CPU.Build.0 = Release|Any CPU
	EndGlobalSection
	GlobalSection(SolutionProperties) = preSolution
		HideSolutionNode = FALSE
	EndGlobalSection
	GlobalSection(ExtensibilityGlobals) = postSolution
		SolutionGuid = {F27E343E-9B60-445A-9EE7-0BED5461FB28}
	EndGlobalSection
EndGlobal
